// !$*UTF8*$!
{
	archiveVersion = 1;
	classes = {
	};
	objectVersion = 50;
	objects = {

/* Begin PBXBuildFile section */
		1980F0273E31F8022ED7AE13 /* Pods_DogsChallenge.framework in Frameworks */ = {isa = PBXBuildFile; fileRef = 6E65009533DEEA1AEF4C8D68 /* Pods_DogsChallenge.framework */; };
		4CE3F88621C562CC00CB6EBD /* AppDelegate.swift in Sources */ = {isa = PBXBuildFile; fileRef = 4CE3F88521C562CC00CB6EBD /* AppDelegate.swift */; };
		4CE3F88D21C562CD00CB6EBD /* Assets.xcassets in Resources */ = {isa = PBXBuildFile; fileRef = 4CE3F88C21C562CD00CB6EBD /* Assets.xcassets */; };
		4CE3F89021C562CD00CB6EBD /* LaunchScreen.storyboard in Resources */ = {isa = PBXBuildFile; fileRef = 4CE3F88E21C562CD00CB6EBD /* LaunchScreen.storyboard */; };
		4CE3F8AB21C5653E00CB6EBD /* HttpClient.swift in Sources */ = {isa = PBXBuildFile; fileRef = 4CE3F8AA21C5653E00CB6EBD /* HttpClient.swift */; };
		4CE3F8AD21C566C600CB6EBD /* URLSessionHttpClient.swift in Sources */ = {isa = PBXBuildFile; fileRef = 4CE3F8AC21C566C600CB6EBD /* URLSessionHttpClient.swift */; };
		4CE3F8B121C56A2700CB6EBD /* Observable+HTTP.swift in Sources */ = {isa = PBXBuildFile; fileRef = 4CE3F8B021C56A2700CB6EBD /* Observable+HTTP.swift */; };
		4CE3F8B421C56B1100CB6EBD /* Observable+HTTPTests.swift in Sources */ = {isa = PBXBuildFile; fileRef = 4CE3F8B321C56B1100CB6EBD /* Observable+HTTPTests.swift */; };
		4CE3F8B721C5711A00CB6EBD /* URLSessionHttpClientTests.swift in Sources */ = {isa = PBXBuildFile; fileRef = 4CE3F8B621C5711A00CB6EBD /* URLSessionHttpClientTests.swift */; };
		4CE3F8BB21C572E000CB6EBD /* TestModel.swift in Sources */ = {isa = PBXBuildFile; fileRef = 4CE3F8BA21C572E000CB6EBD /* TestModel.swift */; };
		4CE3F8C421C57B2700CB6EBD /* Breed.swift in Sources */ = {isa = PBXBuildFile; fileRef = 4CE3F8C321C57B2700CB6EBD /* Breed.swift */; };
		4CE3F8C621C57BBF00CB6EBD /* AsyncGetGateway.swift in Sources */ = {isa = PBXBuildFile; fileRef = 4CE3F8C521C57BBF00CB6EBD /* AsyncGetGateway.swift */; };
		4CE3F8C821C57BDC00CB6EBD /* HttpGetGateway.swift in Sources */ = {isa = PBXBuildFile; fileRef = 4CE3F8C721C57BDC00CB6EBD /* HttpGetGateway.swift */; };
		4CE3F8CA21C57CF700CB6EBD /* BreedsViewController.swift in Sources */ = {isa = PBXBuildFile; fileRef = 4CE3F8C921C57CF700CB6EBD /* BreedsViewController.swift */; };
		4CE3F8CE21C57D3B00CB6EBD /* HttpGetGateway.swift in Sources */ = {isa = PBXBuildFile; fileRef = 4CE3F8CD21C57D3B00CB6EBD /* HttpGetGateway.swift */; };
		4CE3F8D021C57D7C00CB6EBD /* MockHttpClient.swift in Sources */ = {isa = PBXBuildFile; fileRef = 4CE3F8CF21C57D7C00CB6EBD /* MockHttpClient.swift */; };
		B4C692624524C4D60BBD6A3D /* Pods_DogsChallengeTests.framework in Frameworks */ = {isa = PBXBuildFile; fileRef = 105683F08174AF2B1068A6A2 /* Pods_DogsChallengeTests.framework */; };
/* End PBXBuildFile section */

/* Begin PBXContainerItemProxy section */
		4CE3F89721C562CD00CB6EBD /* PBXContainerItemProxy */ = {
			isa = PBXContainerItemProxy;
			containerPortal = 4CE3F87A21C562CC00CB6EBD /* Project object */;
			proxyType = 1;
			remoteGlobalIDString = 4CE3F88121C562CC00CB6EBD;
			remoteInfo = DogsChallenge;
		};
/* End PBXContainerItemProxy section */

/* Begin PBXFileReference section */
		105683F08174AF2B1068A6A2 /* Pods_DogsChallengeTests.framework */ = {isa = PBXFileReference; explicitFileType = wrapper.framework; includeInIndex = 0; path = Pods_DogsChallengeTests.framework; sourceTree = BUILT_PRODUCTS_DIR; };
		387F0BEC3AFAF4ED16BBE0EB /* Pods-DogsChallengeTests.release.xcconfig */ = {isa = PBXFileReference; includeInIndex = 1; lastKnownFileType = text.xcconfig; name = "Pods-DogsChallengeTests.release.xcconfig"; path = "Target Support Files/Pods-DogsChallengeTests/Pods-DogsChallengeTests.release.xcconfig"; sourceTree = "<group>"; };
		4CE3F88221C562CC00CB6EBD /* DogsChallenge.app */ = {isa = PBXFileReference; explicitFileType = wrapper.application; includeInIndex = 0; path = DogsChallenge.app; sourceTree = BUILT_PRODUCTS_DIR; };
		4CE3F88521C562CC00CB6EBD /* AppDelegate.swift */ = {isa = PBXFileReference; lastKnownFileType = sourcecode.swift; path = AppDelegate.swift; sourceTree = "<group>"; };
		4CE3F88C21C562CD00CB6EBD /* Assets.xcassets */ = {isa = PBXFileReference; lastKnownFileType = folder.assetcatalog; path = Assets.xcassets; sourceTree = "<group>"; };
		4CE3F88F21C562CD00CB6EBD /* Base */ = {isa = PBXFileReference; lastKnownFileType = file.storyboard; name = Base; path = Base.lproj/LaunchScreen.storyboard; sourceTree = "<group>"; };
		4CE3F89121C562CD00CB6EBD /* Info.plist */ = {isa = PBXFileReference; lastKnownFileType = text.plist.xml; path = Info.plist; sourceTree = "<group>"; };
		4CE3F89621C562CD00CB6EBD /* DogsChallengeTests.xctest */ = {isa = PBXFileReference; explicitFileType = wrapper.cfbundle; includeInIndex = 0; path = DogsChallengeTests.xctest; sourceTree = BUILT_PRODUCTS_DIR; };
		4CE3F89C21C562CD00CB6EBD /* Info.plist */ = {isa = PBXFileReference; lastKnownFileType = text.plist.xml; path = Info.plist; sourceTree = "<group>"; };
		4CE3F8AA21C5653E00CB6EBD /* HttpClient.swift */ = {isa = PBXFileReference; lastKnownFileType = sourcecode.swift; path = HttpClient.swift; sourceTree = "<group>"; };
		4CE3F8AC21C566C600CB6EBD /* URLSessionHttpClient.swift */ = {isa = PBXFileReference; lastKnownFileType = sourcecode.swift; path = URLSessionHttpClient.swift; sourceTree = "<group>"; };
		4CE3F8B021C56A2700CB6EBD /* Observable+HTTP.swift */ = {isa = PBXFileReference; lastKnownFileType = sourcecode.swift; path = "Observable+HTTP.swift"; sourceTree = "<group>"; };
		4CE3F8B321C56B1100CB6EBD /* Observable+HTTPTests.swift */ = {isa = PBXFileReference; lastKnownFileType = sourcecode.swift; path = "Observable+HTTPTests.swift"; sourceTree = "<group>"; };
		4CE3F8B621C5711A00CB6EBD /* URLSessionHttpClientTests.swift */ = {isa = PBXFileReference; lastKnownFileType = sourcecode.swift; path = URLSessionHttpClientTests.swift; sourceTree = "<group>"; };
		4CE3F8BA21C572E000CB6EBD /* TestModel.swift */ = {isa = PBXFileReference; lastKnownFileType = sourcecode.swift; path = TestModel.swift; sourceTree = "<group>"; };
		4CE3F8C321C57B2700CB6EBD /* Breed.swift */ = {isa = PBXFileReference; lastKnownFileType = sourcecode.swift; path = Breed.swift; sourceTree = "<group>"; };
		4CE3F8C521C57BBF00CB6EBD /* AsyncGetGateway.swift */ = {isa = PBXFileReference; lastKnownFileType = sourcecode.swift; path = AsyncGetGateway.swift; sourceTree = "<group>"; };
		4CE3F8C721C57BDC00CB6EBD /* HttpGetGateway.swift */ = {isa = PBXFileReference; lastKnownFileType = sourcecode.swift; path = HttpGetGateway.swift; sourceTree = "<group>"; };
		4CE3F8C921C57CF700CB6EBD /* BreedsViewController.swift */ = {isa = PBXFileReference; lastKnownFileType = sourcecode.swift; path = BreedsViewController.swift; sourceTree = "<group>"; };
		4CE3F8CD21C57D3B00CB6EBD /* HttpGetGateway.swift */ = {isa = PBXFileReference; lastKnownFileType = sourcecode.swift; path = HttpGetGateway.swift; sourceTree = "<group>"; };
		4CE3F8CF21C57D7C00CB6EBD /* MockHttpClient.swift */ = {isa = PBXFileReference; lastKnownFileType = sourcecode.swift; path = MockHttpClient.swift; sourceTree = "<group>"; };
		5E165D885580A29A506A8736 /* Pods-DogsChallenge.release.xcconfig */ = {isa = PBXFileReference; includeInIndex = 1; lastKnownFileType = text.xcconfig; name = "Pods-DogsChallenge.release.xcconfig"; path = "Target Support Files/Pods-DogsChallenge/Pods-DogsChallenge.release.xcconfig"; sourceTree = "<group>"; };
		6D75C2A5D21059A64BBDD692 /* Pods-DogsChallenge.debug.xcconfig */ = {isa = PBXFileReference; includeInIndex = 1; lastKnownFileType = text.xcconfig; name = "Pods-DogsChallenge.debug.xcconfig"; path = "Target Support Files/Pods-DogsChallenge/Pods-DogsChallenge.debug.xcconfig"; sourceTree = "<group>"; };
		6E65009533DEEA1AEF4C8D68 /* Pods_DogsChallenge.framework */ = {isa = PBXFileReference; explicitFileType = wrapper.framework; includeInIndex = 0; path = Pods_DogsChallenge.framework; sourceTree = BUILT_PRODUCTS_DIR; };
		872ABB574A562854D15565CC /* Pods-DogsChallengeTests.debug.xcconfig */ = {isa = PBXFileReference; includeInIndex = 1; lastKnownFileType = text.xcconfig; name = "Pods-DogsChallengeTests.debug.xcconfig"; path = "Target Support Files/Pods-DogsChallengeTests/Pods-DogsChallengeTests.debug.xcconfig"; sourceTree = "<group>"; };
/* End PBXFileReference section */

/* Begin PBXFrameworksBuildPhase section */
		4CE3F87F21C562CC00CB6EBD /* Frameworks */ = {
			isa = PBXFrameworksBuildPhase;
			buildActionMask = 2147483647;
			files = (
				1980F0273E31F8022ED7AE13 /* Pods_DogsChallenge.framework in Frameworks */,
			);
			runOnlyForDeploymentPostprocessing = 0;
		};
		4CE3F89321C562CD00CB6EBD /* Frameworks */ = {
			isa = PBXFrameworksBuildPhase;
			buildActionMask = 2147483647;
			files = (
				B4C692624524C4D60BBD6A3D /* Pods_DogsChallengeTests.framework in Frameworks */,
			);
			runOnlyForDeploymentPostprocessing = 0;
		};
/* End PBXFrameworksBuildPhase section */

/* Begin PBXGroup section */
		4CE3F87921C562CC00CB6EBD = {
			isa = PBXGroup;
			children = (
				4CE3F88421C562CC00CB6EBD /* DogsChallenge */,
				4CE3F89921C562CD00CB6EBD /* DogsChallengeTests */,
				4CE3F88321C562CC00CB6EBD /* Products */,
				5B81C157CFE3581053D6A9BF /* Pods */,
				96D70ED5C80022128044E1D5 /* Frameworks */,
			);
			sourceTree = "<group>";
		};
		4CE3F88321C562CC00CB6EBD /* Products */ = {
			isa = PBXGroup;
			children = (
				4CE3F88221C562CC00CB6EBD /* DogsChallenge.app */,
				4CE3F89621C562CD00CB6EBD /* DogsChallengeTests.xctest */,
			);
			name = Products;
			sourceTree = "<group>";
		};
		4CE3F88421C562CC00CB6EBD /* DogsChallenge */ = {
			isa = PBXGroup;
			children = (
				4CE3F8BE21C5772F00CB6EBD /* Scenes */,
				4CE3F8AF21C56A1600CB6EBD /* Extensions */,
				4CE3F8A921C5653800CB6EBD /* Core */,
				4CE3F8A821C564B300CB6EBD /* Base */,
				4CE3F8A621C5649E00CB6EBD /* Resources */,
				4CE3F8A521C5649500CB6EBD /* Application */,
			);
			path = DogsChallenge;
			sourceTree = "<group>";
		};
		4CE3F89921C562CD00CB6EBD /* DogsChallengeTests */ = {
			isa = PBXGroup;
			children = (
				4CE3F8CB21C57D2500CB6EBD /* Scenes */,
				4CE3F8B221C56B0200CB6EBD /* Extensions */,
				4CE3F8B521C5711100CB6EBD /* Core */,
				4CE3F8B821C572BD00CB6EBD /* Mocks */,
				4CE3F89C21C562CD00CB6EBD /* Info.plist */,
			);
			path = DogsChallengeTests;
			sourceTree = "<group>";
		};
		4CE3F8A521C5649500CB6EBD /* Application */ = {
			isa = PBXGroup;
			children = (
				4CE3F88521C562CC00CB6EBD /* AppDelegate.swift */,
			);
			path = Application;
			sourceTree = "<group>";
		};
		4CE3F8A621C5649E00CB6EBD /* Resources */ = {
			isa = PBXGroup;
			children = (
				4CE3F88C21C562CD00CB6EBD /* Assets.xcassets */,
			);
			path = Resources;
			sourceTree = "<group>";
		};
		4CE3F8A821C564B300CB6EBD /* Base */ = {
			isa = PBXGroup;
			children = (
				4CE3F88E21C562CD00CB6EBD /* LaunchScreen.storyboard */,
				4CE3F89121C562CD00CB6EBD /* Info.plist */,
			);
			name = Base;
			sourceTree = "<group>";
		};
		4CE3F8A921C5653800CB6EBD /* Core */ = {
			isa = PBXGroup;
			children = (
				4CE3F8BC21C5768700CB6EBD /* Network */,
			);
			path = Core;
			sourceTree = "<group>";
		};
		4CE3F8AF21C56A1600CB6EBD /* Extensions */ = {
			isa = PBXGroup;
			children = (
				4CE3F8B021C56A2700CB6EBD /* Observable+HTTP.swift */,
			);
			path = Extensions;
			sourceTree = "<group>";
		};
		4CE3F8B221C56B0200CB6EBD /* Extensions */ = {
			isa = PBXGroup;
			children = (
				4CE3F8B321C56B1100CB6EBD /* Observable+HTTPTests.swift */,
			);
			path = Extensions;
			sourceTree = "<group>";
		};
		4CE3F8B521C5711100CB6EBD /* Core */ = {
			isa = PBXGroup;
			children = (
				4CE3F8B621C5711A00CB6EBD /* URLSessionHttpClientTests.swift */,
				4CE3F8CD21C57D3B00CB6EBD /* HttpGetGateway.swift */,
			);
			path = Core;
			sourceTree = "<group>";
		};
		4CE3F8B821C572BD00CB6EBD /* Mocks */ = {
			isa = PBXGroup;
			children = (
				4CE3F8BA21C572E000CB6EBD /* TestModel.swift */,
				4CE3F8CF21C57D7C00CB6EBD /* MockHttpClient.swift */,
			);
			path = Mocks;
			sourceTree = "<group>";
		};
		4CE3F8BC21C5768700CB6EBD /* Network */ = {
			isa = PBXGroup;
			children = (
				4CE3F8AA21C5653E00CB6EBD /* HttpClient.swift */,
				4CE3F8AC21C566C600CB6EBD /* URLSessionHttpClient.swift */,
				4CE3F8C521C57BBF00CB6EBD /* AsyncGetGateway.swift */,
				4CE3F8C721C57BDC00CB6EBD /* HttpGetGateway.swift */,
			);
			path = Network;
			sourceTree = "<group>";
		};
		4CE3F8BE21C5772F00CB6EBD /* Scenes */ = {
			isa = PBXGroup;
			children = (
				4CE3F8BF21C57AB300CB6EBD /* Breeds */,
			);
			path = Scenes;
			sourceTree = "<group>";
		};
		4CE3F8BF21C57AB300CB6EBD /* Breeds */ = {
			isa = PBXGroup;
			children = (
				4CE3F8C321C57B2700CB6EBD /* Breed.swift */,
				4CE3F8C921C57CF700CB6EBD /* BreedsViewController.swift */,
			);
			path = Breeds;
			sourceTree = "<group>";
		};
		4CE3F8CB21C57D2500CB6EBD /* Scenes */ = {
			isa = PBXGroup;
			children = (
				4CE3F8CC21C57D2900CB6EBD /* Breeds */,
			);
			path = Scenes;
			sourceTree = "<group>";
		};
		4CE3F8CC21C57D2900CB6EBD /* Breeds */ = {
			isa = PBXGroup;
			children = (
			);
			path = Breeds;
			sourceTree = "<group>";
		};
		5B81C157CFE3581053D6A9BF /* Pods */ = {
			isa = PBXGroup;
			children = (
				6D75C2A5D21059A64BBDD692 /* Pods-DogsChallenge.debug.xcconfig */,
				5E165D885580A29A506A8736 /* Pods-DogsChallenge.release.xcconfig */,
				872ABB574A562854D15565CC /* Pods-DogsChallengeTests.debug.xcconfig */,
				387F0BEC3AFAF4ED16BBE0EB /* Pods-DogsChallengeTests.release.xcconfig */,
			);
			path = Pods;
			sourceTree = "<group>";
		};
		96D70ED5C80022128044E1D5 /* Frameworks */ = {
			isa = PBXGroup;
			children = (
				6E65009533DEEA1AEF4C8D68 /* Pods_DogsChallenge.framework */,
				105683F08174AF2B1068A6A2 /* Pods_DogsChallengeTests.framework */,
			);
			name = Frameworks;
			sourceTree = "<group>";
		};
/* End PBXGroup section */

/* Begin PBXNativeTarget section */
		4CE3F88121C562CC00CB6EBD /* DogsChallenge */ = {
			isa = PBXNativeTarget;
			buildConfigurationList = 4CE3F89F21C562CD00CB6EBD /* Build configuration list for PBXNativeTarget "DogsChallenge" */;
			buildPhases = (
				82959D4F749BA06608C93722 /* [CP] Check Pods Manifest.lock */,
				4CE3F87E21C562CC00CB6EBD /* Sources */,
				4CE3F87F21C562CC00CB6EBD /* Frameworks */,
				4CE3F88021C562CC00CB6EBD /* Resources */,
				EF56FAD21AED0C313AED6586 /* [CP] Embed Pods Frameworks */,
			);
			buildRules = (
			);
			dependencies = (
			);
			name = DogsChallenge;
			productName = DogsChallenge;
			productReference = 4CE3F88221C562CC00CB6EBD /* DogsChallenge.app */;
			productType = "com.apple.product-type.application";
		};
		4CE3F89521C562CD00CB6EBD /* DogsChallengeTests */ = {
			isa = PBXNativeTarget;
			buildConfigurationList = 4CE3F8A221C562CD00CB6EBD /* Build configuration list for PBXNativeTarget "DogsChallengeTests" */;
			buildPhases = (
				0302271ECB18AB7E73AB9C43 /* [CP] Check Pods Manifest.lock */,
				4CE3F89221C562CD00CB6EBD /* Sources */,
				4CE3F89321C562CD00CB6EBD /* Frameworks */,
				4CE3F89421C562CD00CB6EBD /* Resources */,
				EC051A6F4E9AB0FF06FDB339 /* [CP] Embed Pods Frameworks */,
			);
			buildRules = (
			);
			dependencies = (
				4CE3F89821C562CD00CB6EBD /* PBXTargetDependency */,
			);
			name = DogsChallengeTests;
			productName = DogsChallengeTests;
			productReference = 4CE3F89621C562CD00CB6EBD /* DogsChallengeTests.xctest */;
			productType = "com.apple.product-type.bundle.unit-test";
		};
/* End PBXNativeTarget section */

/* Begin PBXProject section */
		4CE3F87A21C562CC00CB6EBD /* Project object */ = {
			isa = PBXProject;
			attributes = {
				LastSwiftUpdateCheck = 1010;
				LastUpgradeCheck = 1010;
				ORGANIZATIONNAME = Vergil;
				TargetAttributes = {
					4CE3F88121C562CC00CB6EBD = {
						CreatedOnToolsVersion = 10.1;
					};
					4CE3F89521C562CD00CB6EBD = {
						CreatedOnToolsVersion = 10.1;
						LastSwiftMigration = 1010;
						TestTargetID = 4CE3F88121C562CC00CB6EBD;
					};
				};
			};
			buildConfigurationList = 4CE3F87D21C562CC00CB6EBD /* Build configuration list for PBXProject "DogsChallenge" */;
			compatibilityVersion = "Xcode 9.3";
			developmentRegion = en;
			hasScannedForEncodings = 0;
			knownRegions = (
				en,
				Base,
			);
			mainGroup = 4CE3F87921C562CC00CB6EBD;
			productRefGroup = 4CE3F88321C562CC00CB6EBD /* Products */;
			projectDirPath = "";
			projectRoot = "";
			targets = (
				4CE3F88121C562CC00CB6EBD /* DogsChallenge */,
				4CE3F89521C562CD00CB6EBD /* DogsChallengeTests */,
			);
		};
/* End PBXProject section */

/* Begin PBXResourcesBuildPhase section */
		4CE3F88021C562CC00CB6EBD /* Resources */ = {
			isa = PBXResourcesBuildPhase;
			buildActionMask = 2147483647;
			files = (
				4CE3F89021C562CD00CB6EBD /* LaunchScreen.storyboard in Resources */,
				4CE3F88D21C562CD00CB6EBD /* Assets.xcassets in Resources */,
			);
			runOnlyForDeploymentPostprocessing = 0;
		};
		4CE3F89421C562CD00CB6EBD /* Resources */ = {
			isa = PBXResourcesBuildPhase;
			buildActionMask = 2147483647;
			files = (
			);
			runOnlyForDeploymentPostprocessing = 0;
		};
/* End PBXResourcesBuildPhase section */

/* Begin PBXShellScriptBuildPhase section */
		0302271ECB18AB7E73AB9C43 /* [CP] Check Pods Manifest.lock */ = {
			isa = PBXShellScriptBuildPhase;
			buildActionMask = 2147483647;
			files = (
			);
			inputFileListPaths = (
			);
			inputPaths = (
				"${PODS_PODFILE_DIR_PATH}/Podfile.lock",
				"${PODS_ROOT}/Manifest.lock",
			);
			name = "[CP] Check Pods Manifest.lock";
			outputFileListPaths = (
			);
			outputPaths = (
				"$(DERIVED_FILE_DIR)/Pods-DogsChallengeTests-checkManifestLockResult.txt",
			);
			runOnlyForDeploymentPostprocessing = 0;
			shellPath = /bin/sh;
			shellScript = "diff \"${PODS_PODFILE_DIR_PATH}/Podfile.lock\" \"${PODS_ROOT}/Manifest.lock\" > /dev/null\nif [ $? != 0 ] ; then\n    # print error to STDERR\n    echo \"error: The sandbox is not in sync with the Podfile.lock. Run 'pod install' or update your CocoaPods installation.\" >&2\n    exit 1\nfi\n# This output is used by Xcode 'outputs' to avoid re-running this script phase.\necho \"SUCCESS\" > \"${SCRIPT_OUTPUT_FILE_0}\"\n";
			showEnvVarsInLog = 0;
		};
		82959D4F749BA06608C93722 /* [CP] Check Pods Manifest.lock */ = {
			isa = PBXShellScriptBuildPhase;
			buildActionMask = 2147483647;
			files = (
			);
			inputFileListPaths = (
			);
			inputPaths = (
				"${PODS_PODFILE_DIR_PATH}/Podfile.lock",
				"${PODS_ROOT}/Manifest.lock",
			);
			name = "[CP] Check Pods Manifest.lock";
			outputFileListPaths = (
			);
			outputPaths = (
				"$(DERIVED_FILE_DIR)/Pods-DogsChallenge-checkManifestLockResult.txt",
			);
			runOnlyForDeploymentPostprocessing = 0;
			shellPath = /bin/sh;
			shellScript = "diff \"${PODS_PODFILE_DIR_PATH}/Podfile.lock\" \"${PODS_ROOT}/Manifest.lock\" > /dev/null\nif [ $? != 0 ] ; then\n    # print error to STDERR\n    echo \"error: The sandbox is not in sync with the Podfile.lock. Run 'pod install' or update your CocoaPods installation.\" >&2\n    exit 1\nfi\n# This output is used by Xcode 'outputs' to avoid re-running this script phase.\necho \"SUCCESS\" > \"${SCRIPT_OUTPUT_FILE_0}\"\n";
			showEnvVarsInLog = 0;
		};
		EC051A6F4E9AB0FF06FDB339 /* [CP] Embed Pods Frameworks */ = {
			isa = PBXShellScriptBuildPhase;
			buildActionMask = 2147483647;
			files = (
			);
			inputFileListPaths = (
			);
			inputPaths = (
				"${PODS_ROOT}/Target Support Files/Pods-DogsChallengeTests/Pods-DogsChallengeTests-frameworks.sh",
				"${BUILT_PRODUCTS_DIR}/RxAtomic/RxAtomic.framework",
				"${BUILT_PRODUCTS_DIR}/RxSwift/RxSwift.framework",
				"${BUILT_PRODUCTS_DIR}/Nimble/Nimble.framework",
				"${BUILT_PRODUCTS_DIR}/RxBlocking/RxBlocking.framework",
			);
			name = "[CP] Embed Pods Frameworks";
			outputFileListPaths = (
			);
			outputPaths = (
				"${TARGET_BUILD_DIR}/${FRAMEWORKS_FOLDER_PATH}/RxAtomic.framework",
				"${TARGET_BUILD_DIR}/${FRAMEWORKS_FOLDER_PATH}/RxSwift.framework",
				"${TARGET_BUILD_DIR}/${FRAMEWORKS_FOLDER_PATH}/Nimble.framework",
				"${TARGET_BUILD_DIR}/${FRAMEWORKS_FOLDER_PATH}/RxBlocking.framework",
			);
			runOnlyForDeploymentPostprocessing = 0;
			shellPath = /bin/sh;
			shellScript = "\"${PODS_ROOT}/Target Support Files/Pods-DogsChallengeTests/Pods-DogsChallengeTests-frameworks.sh\"\n";
			showEnvVarsInLog = 0;
		};
		EF56FAD21AED0C313AED6586 /* [CP] Embed Pods Frameworks */ = {
			isa = PBXShellScriptBuildPhase;
			buildActionMask = 2147483647;
			files = (
			);
			inputFileListPaths = (
			);
			inputPaths = (
				"${PODS_ROOT}/Target Support Files/Pods-DogsChallenge/Pods-DogsChallenge-frameworks.sh",
				"${BUILT_PRODUCTS_DIR}/RxAtomic/RxAtomic.framework",
				"${BUILT_PRODUCTS_DIR}/RxCocoa/RxCocoa.framework",
				"${BUILT_PRODUCTS_DIR}/RxSwift/RxSwift.framework",
			);
			name = "[CP] Embed Pods Frameworks";
			outputFileListPaths = (
			);
			outputPaths = (
				"${TARGET_BUILD_DIR}/${FRAMEWORKS_FOLDER_PATH}/RxAtomic.framework",
				"${TARGET_BUILD_DIR}/${FRAMEWORKS_FOLDER_PATH}/RxCocoa.framework",
				"${TARGET_BUILD_DIR}/${FRAMEWORKS_FOLDER_PATH}/RxSwift.framework",
			);
			runOnlyForDeploymentPostprocessing = 0;
			shellPath = /bin/sh;
			shellScript = "\"${PODS_ROOT}/Target Support Files/Pods-DogsChallenge/Pods-DogsChallenge-frameworks.sh\"\n";
			showEnvVarsInLog = 0;
		};
/* End PBXShellScriptBuildPhase section */

/* Begin PBXSourcesBuildPhase section */
		4CE3F87E21C562CC00CB6EBD /* Sources */ = {
			isa = PBXSourcesBuildPhase;
			buildActionMask = 2147483647;
			files = (
				4CE3F8C621C57BBF00CB6EBD /* AsyncGetGateway.swift in Sources */,
				4CE3F8CA21C57CF700CB6EBD /* BreedsViewController.swift in Sources */,
				4CE3F8C821C57BDC00CB6EBD /* HttpGetGateway.swift in Sources */,
				4CE3F8C421C57B2700CB6EBD /* Breed.swift in Sources */,
				4CE3F8B121C56A2700CB6EBD /* Observable+HTTP.swift in Sources */,
				4CE3F8AD21C566C600CB6EBD /* URLSessionHttpClient.swift in Sources */,
				4CE3F8AB21C5653E00CB6EBD /* HttpClient.swift in Sources */,
				4CE3F88621C562CC00CB6EBD /* AppDelegate.swift in Sources */,
			);
			runOnlyForDeploymentPostprocessing = 0;
		};
		4CE3F89221C562CD00CB6EBD /* Sources */ = {
			isa = PBXSourcesBuildPhase;
			buildActionMask = 2147483647;
			files = (
				4CE3F8BB21C572E000CB6EBD /* TestModel.swift in Sources */,
				4CE3F8D021C57D7C00CB6EBD /* MockHttpClient.swift in Sources */,
				4CE3F8CE21C57D3B00CB6EBD /* HttpGetGateway.swift in Sources */,
				4CE3F8B421C56B1100CB6EBD /* Observable+HTTPTests.swift in Sources */,
				4CE3F8B721C5711A00CB6EBD /* URLSessionHttpClientTests.swift in Sources */,
			);
			runOnlyForDeploymentPostprocessing = 0;
		};
/* End PBXSourcesBuildPhase section */

/* Begin PBXTargetDependency section */
		4CE3F89821C562CD00CB6EBD /* PBXTargetDependency */ = {
			isa = PBXTargetDependency;
			target = 4CE3F88121C562CC00CB6EBD /* DogsChallenge */;
			targetProxy = 4CE3F89721C562CD00CB6EBD /* PBXContainerItemProxy */;
		};
/* End PBXTargetDependency section */

/* Begin PBXVariantGroup section */
		4CE3F88E21C562CD00CB6EBD /* LaunchScreen.storyboard */ = {
			isa = PBXVariantGroup;
			children = (
				4CE3F88F21C562CD00CB6EBD /* Base */,
			);
			name = LaunchScreen.storyboard;
			sourceTree = "<group>";
		};
/* End PBXVariantGroup section */

/* Begin XCBuildConfiguration section */
		4CE3F89D21C562CD00CB6EBD /* Debug */ = {
			isa = XCBuildConfiguration;
			buildSettings = {
				ALWAYS_SEARCH_USER_PATHS = NO;
				CLANG_ANALYZER_NONNULL = YES;
				CLANG_ANALYZER_NUMBER_OBJECT_CONVERSION = YES_AGGRESSIVE;
				CLANG_CXX_LANGUAGE_STANDARD = "gnu++14";
				CLANG_CXX_LIBRARY = "libc++";
				CLANG_ENABLE_MODULES = YES;
				CLANG_ENABLE_OBJC_ARC = YES;
				CLANG_ENABLE_OBJC_WEAK = YES;
				CLANG_WARN_BLOCK_CAPTURE_AUTORELEASING = YES;
				CLANG_WARN_BOOL_CONVERSION = YES;
				CLANG_WARN_COMMA = YES;
				CLANG_WARN_CONSTANT_CONVERSION = YES;
				CLANG_WARN_DEPRECATED_OBJC_IMPLEMENTATIONS = YES;
				CLANG_WARN_DIRECT_OBJC_ISA_USAGE = YES_ERROR;
				CLANG_WARN_DOCUMENTATION_COMMENTS = YES;
				CLANG_WARN_EMPTY_BODY = YES;
				CLANG_WARN_ENUM_CONVERSION = YES;
				CLANG_WARN_INFINITE_RECURSION = YES;
				CLANG_WARN_INT_CONVERSION = YES;
				CLANG_WARN_NON_LITERAL_NULL_CONVERSION = YES;
				CLANG_WARN_OBJC_IMPLICIT_RETAIN_SELF = YES;
				CLANG_WARN_OBJC_LITERAL_CONVERSION = YES;
				CLANG_WARN_OBJC_ROOT_CLASS = YES_ERROR;
				CLANG_WARN_RANGE_LOOP_ANALYSIS = YES;
				CLANG_WARN_STRICT_PROTOTYPES = YES;
				CLANG_WARN_SUSPICIOUS_MOVE = YES;
				CLANG_WARN_UNGUARDED_AVAILABILITY = YES_AGGRESSIVE;
				CLANG_WARN_UNREACHABLE_CODE = YES;
				CLANG_WARN__DUPLICATE_METHOD_MATCH = YES;
				CODE_SIGN_IDENTITY = "iPhone Developer";
				COPY_PHASE_STRIP = NO;
				DEBUG_INFORMATION_FORMAT = dwarf;
				ENABLE_STRICT_OBJC_MSGSEND = YES;
				ENABLE_TESTABILITY = YES;
				GCC_C_LANGUAGE_STANDARD = gnu11;
				GCC_DYNAMIC_NO_PIC = NO;
				GCC_NO_COMMON_BLOCKS = YES;
				GCC_OPTIMIZATION_LEVEL = 0;
				GCC_PREPROCESSOR_DEFINITIONS = (
					"DEBUG=1",
					"$(inherited)",
				);
				GCC_WARN_64_TO_32_BIT_CONVERSION = YES;
				GCC_WARN_ABOUT_RETURN_TYPE = YES_ERROR;
				GCC_WARN_UNDECLARED_SELECTOR = YES;
				GCC_WARN_UNINITIALIZED_AUTOS = YES_AGGRESSIVE;
				GCC_WARN_UNUSED_FUNCTION = YES;
				GCC_WARN_UNUSED_VARIABLE = YES;
				IPHONEOS_DEPLOYMENT_TARGET = 12.1;
				MTL_ENABLE_DEBUG_INFO = INCLUDE_SOURCE;
				MTL_FAST_MATH = YES;
				ONLY_ACTIVE_ARCH = YES;
				SDKROOT = iphoneos;
				SWIFT_ACTIVE_COMPILATION_CONDITIONS = DEBUG;
				SWIFT_OPTIMIZATION_LEVEL = "-Onone";
			};
			name = Debug;
		};
		4CE3F89E21C562CD00CB6EBD /* Release */ = {
			isa = XCBuildConfiguration;
			buildSettings = {
				ALWAYS_SEARCH_USER_PATHS = NO;
				CLANG_ANALYZER_NONNULL = YES;
				CLANG_ANALYZER_NUMBER_OBJECT_CONVERSION = YES_AGGRESSIVE;
				CLANG_CXX_LANGUAGE_STANDARD = "gnu++14";
				CLANG_CXX_LIBRARY = "libc++";
				CLANG_ENABLE_MODULES = YES;
				CLANG_ENABLE_OBJC_ARC = YES;
				CLANG_ENABLE_OBJC_WEAK = YES;
				CLANG_WARN_BLOCK_CAPTURE_AUTORELEASING = YES;
				CLANG_WARN_BOOL_CONVERSION = YES;
				CLANG_WARN_COMMA = YES;
				CLANG_WARN_CONSTANT_CONVERSION = YES;
				CLANG_WARN_DEPRECATED_OBJC_IMPLEMENTATIONS = YES;
				CLANG_WARN_DIRECT_OBJC_ISA_USAGE = YES_ERROR;
				CLANG_WARN_DOCUMENTATION_COMMENTS = YES;
				CLANG_WARN_EMPTY_BODY = YES;
				CLANG_WARN_ENUM_CONVERSION = YES;
				CLANG_WARN_INFINITE_RECURSION = YES;
				CLANG_WARN_INT_CONVERSION = YES;
				CLANG_WARN_NON_LITERAL_NULL_CONVERSION = YES;
				CLANG_WARN_OBJC_IMPLICIT_RETAIN_SELF = YES;
				CLANG_WARN_OBJC_LITERAL_CONVERSION = YES;
				CLANG_WARN_OBJC_ROOT_CLASS = YES_ERROR;
				CLANG_WARN_RANGE_LOOP_ANALYSIS = YES;
				CLANG_WARN_STRICT_PROTOTYPES = YES;
				CLANG_WARN_SUSPICIOUS_MOVE = YES;
				CLANG_WARN_UNGUARDED_AVAILABILITY = YES_AGGRESSIVE;
				CLANG_WARN_UNREACHABLE_CODE = YES;
				CLANG_WARN__DUPLICATE_METHOD_MATCH = YES;
				CODE_SIGN_IDENTITY = "iPhone Developer";
				COPY_PHASE_STRIP = NO;
				DEBUG_INFORMATION_FORMAT = "dwarf-with-dsym";
				ENABLE_NS_ASSERTIONS = NO;
				ENABLE_STRICT_OBJC_MSGSEND = YES;
				GCC_C_LANGUAGE_STANDARD = gnu11;
				GCC_NO_COMMON_BLOCKS = YES;
				GCC_WARN_64_TO_32_BIT_CONVERSION = YES;
				GCC_WARN_ABOUT_RETURN_TYPE = YES_ERROR;
				GCC_WARN_UNDECLARED_SELECTOR = YES;
				GCC_WARN_UNINITIALIZED_AUTOS = YES_AGGRESSIVE;
				GCC_WARN_UNUSED_FUNCTION = YES;
				GCC_WARN_UNUSED_VARIABLE = YES;
				IPHONEOS_DEPLOYMENT_TARGET = 12.1;
				MTL_ENABLE_DEBUG_INFO = NO;
				MTL_FAST_MATH = YES;
				SDKROOT = iphoneos;
				SWIFT_COMPILATION_MODE = wholemodule;
				SWIFT_OPTIMIZATION_LEVEL = "-O";
				VALIDATE_PRODUCT = YES;
			};
			name = Release;
		};
		4CE3F8A021C562CD00CB6EBD /* Debug */ = {
			isa = XCBuildConfiguration;
			baseConfigurationReference = 6D75C2A5D21059A64BBDD692 /* Pods-DogsChallenge.debug.xcconfig */;
			buildSettings = {
				ASSETCATALOG_COMPILER_APPICON_NAME = AppIcon;
				CODE_SIGN_STYLE = Automatic;
				DEVELOPMENT_TEAM = BEVC4JDNZX;
				INFOPLIST_FILE = DogsChallenge/Info.plist;
				LD_RUNPATH_SEARCH_PATHS = (
					"$(inherited)",
					"@executable_path/Frameworks",
				);
				PRODUCT_BUNDLE_IDENTIFIER = com.vergil.DogsChallenge;
				PRODUCT_NAME = "$(TARGET_NAME)";
				SWIFT_VERSION = 4.2;
				TARGETED_DEVICE_FAMILY = "1,2";
			};
			name = Debug;
		};
		4CE3F8A121C562CD00CB6EBD /* Release */ = {
			isa = XCBuildConfiguration;
			baseConfigurationReference = 5E165D885580A29A506A8736 /* Pods-DogsChallenge.release.xcconfig */;
			buildSettings = {
				ASSETCATALOG_COMPILER_APPICON_NAME = AppIcon;
				CODE_SIGN_STYLE = Automatic;
				DEVELOPMENT_TEAM = BEVC4JDNZX;
				INFOPLIST_FILE = DogsChallenge/Info.plist;
				LD_RUNPATH_SEARCH_PATHS = (
					"$(inherited)",
					"@executable_path/Frameworks",
				);
				PRODUCT_BUNDLE_IDENTIFIER = com.vergil.DogsChallenge;
				PRODUCT_NAME = "$(TARGET_NAME)";
				SWIFT_VERSION = 4.2;
				TARGETED_DEVICE_FAMILY = "1,2";
			};
			name = Release;
		};
		4CE3F8A321C562CD00CB6EBD /* Debug */ = {
			isa = XCBuildConfiguration;
			baseConfigurationReference = 872ABB574A562854D15565CC /* Pods-DogsChallengeTests.debug.xcconfig */;
			buildSettings = {
				ALWAYS_EMBED_SWIFT_STANDARD_LIBRARIES = YES;
				BUNDLE_LOADER = "$(TEST_HOST)";
				CLANG_ENABLE_MODULES = YES;
				CODE_SIGN_STYLE = Automatic;
				DEVELOPMENT_TEAM = BEVC4JDNZX;
				INFOPLIST_FILE = DogsChallengeTests/Info.plist;
				LD_RUNPATH_SEARCH_PATHS = (
					"$(inherited)",
					"@executable_path/Frameworks",
					"@loader_path/Frameworks",
				);
				PRODUCT_BUNDLE_IDENTIFIER = com.vergil.DogsChallengeTests;
				PRODUCT_NAME = "$(TARGET_NAME)";
				SWIFT_OPTIMIZATION_LEVEL = "-Onone";
				SWIFT_VERSION = 4.2;
				TARGETED_DEVICE_FAMILY = "1,2";
				TEST_HOST = "$(BUILT_PRODUCTS_DIR)/DogsChallenge.app/DogsChallenge";
			};
			name = Debug;
		};
		4CE3F8A421C562CD00CB6EBD /* Release */ = {
			isa = XCBuildConfiguration;
			baseConfigurationReference = 387F0BEC3AFAF4ED16BBE0EB /* Pods-DogsChallengeTests.release.xcconfig */;
			buildSettings = {
				ALWAYS_EMBED_SWIFT_STANDARD_LIBRARIES = YES;
				BUNDLE_LOADER = "$(TEST_HOST)";
				CLANG_ENABLE_MODULES = YES;
				CODE_SIGN_STYLE = Automatic;
				DEVELOPMENT_TEAM = BEVC4JDNZX;
				INFOPLIST_FILE = DogsChallengeTests/Info.plist;
				LD_RUNPATH_SEARCH_PATHS = (
					"$(inherited)",
					"@executable_path/Frameworks",
					"@loader_path/Frameworks",
				);
				PRODUCT_BUNDLE_IDENTIFIER = com.vergil.DogsChallengeTests;
				PRODUCT_NAME = "$(TARGET_NAME)";
				SWIFT_VERSION = 4.2;
				TARGETED_DEVICE_FAMILY = "1,2";
				TEST_HOST = "$(BUILT_PRODUCTS_DIR)/DogsChallenge.app/DogsChallenge";
			};
			name = Release;
		};
/* End XCBuildConfiguration section */

/* Begin XCConfigurationList section */
		4CE3F87D21C562CC00CB6EBD /* Build configuration list for PBXProject "DogsChallenge" */ = {
			isa = XCConfigurationList;
			buildConfigurations = (
				4CE3F89D21C562CD00CB6EBD /* Debug */,
				4CE3F89E21C562CD00CB6EBD /* Release */,
			);
			defaultConfigurationIsVisible = 0;
			defaultConfigurationName = Release;
		};
		4CE3F89F21C562CD00CB6EBD /* Build configuration list for PBXNativeTarget "DogsChallenge" */ = {
			isa = XCConfigurationList;
			buildConfigurations = (
				4CE3F8A021C562CD00CB6EBD /* Debug */,
				4CE3F8A121C562CD00CB6EBD /* Release */,
			);
			defaultConfigurationIsVisible = 0;
			defaultConfigurationName = Release;
		};
		4CE3F8A221C562CD00CB6EBD /* Build configuration list for PBXNativeTarget "DogsChallengeTests" */ = {
			isa = XCConfigurationList;
			buildConfigurations = (
				4CE3F8A321C562CD00CB6EBD /* Debug */,
				4CE3F8A421C562CD00CB6EBD /* Release */,
			);
			defaultConfigurationIsVisible = 0;
			defaultConfigurationName = Release;
		};
/* End XCConfigurationList section */
	};
	rootObject = 4CE3F87A21C562CC00CB6EBD /* Project object */;
}
